// !$*UTF8*$!
{
	archiveVersion = 1;
	classes = {
	};
	objectVersion = 46;
	objects = {

/* Begin PBXBuildFile section */
		B400EA8B1746194B00156622 /* Default.png in Resources */ = {isa = PBXBuildFile; fileRef = B400EA8A1746194B00156622 /* Default.png */; };
		B400EA8D1746197E00156622 /* Default@2x.png in Resources */ = {isa = PBXBuildFile; fileRef = B400EA8C1746197E00156622 /* Default@2x.png */; };
		B400EA8F174619A000156622 /* Default-568h@2x.png in Resources */ = {isa = PBXBuildFile; fileRef = B400EA8E174619A000156622 /* Default-568h@2x.png */; };
		B400EA9117461C9400156622 /* Testo.png in Resources */ = {isa = PBXBuildFile; fileRef = B400EA9017461C9400156622 /* Testo.png */; };
		B459986317461E0700916DD2 /* Bottone_inizia_partita.png in Resources */ = {isa = PBXBuildFile; fileRef = B459986217461E0700916DD2 /* Bottone_inizia_partita.png */; };
		FC2BCFBF174421D100D7F4C3 /* UIKit.framework in Frameworks */ = {isa = PBXBuildFile; fileRef = FC2BCFBE174421D100D7F4C3 /* UIKit.framework */; };
		FC2BCFC1174421D100D7F4C3 /* Foundation.framework in Frameworks */ = {isa = PBXBuildFile; fileRef = FC2BCFC0174421D100D7F4C3 /* Foundation.framework */; };
		FC2BCFC3174421D100D7F4C3 /* CoreGraphics.framework in Frameworks */ = {isa = PBXBuildFile; fileRef = FC2BCFC2174421D100D7F4C3 /* CoreGraphics.framework */; };
		FC2BCFC9174421D100D7F4C3 /* InfoPlist.strings in Resources */ = {isa = PBXBuildFile; fileRef = FC2BCFC7174421D100D7F4C3 /* InfoPlist.strings */; };
		FC2BCFCB174421D100D7F4C3 /* main.m in Sources */ = {isa = PBXBuildFile; fileRef = FC2BCFCA174421D100D7F4C3 /* main.m */; };
		FC2BCFCF174421D200D7F4C3 /* AppDelegate.m in Sources */ = {isa = PBXBuildFile; fileRef = FC2BCFCE174421D200D7F4C3 /* AppDelegate.m */; };
		FC2BCFE21744221A00D7F4C3 /* Skifidollar_logo57.png in Resources */ = {isa = PBXBuildFile; fileRef = FC2BCFE11744221A00D7F4C3 /* Skifidollar_logo57.png */; };
		FC2BCFE41744221C00D7F4C3 /* Skifidollar_logo114.png in Resources */ = {isa = PBXBuildFile; fileRef = FC2BCFE31744221C00D7F4C3 /* Skifidollar_logo114.png */; };
		FC2BCFE61744223A00D7F4C3 /* MainStoryboard_iPhone.storyboard in Resources */ = {isa = PBXBuildFile; fileRef = FC2BCFE51744223A00D7F4C3 /* MainStoryboard_iPhone.storyboard */; };
		FC2BD0091744251A00D7F4C3 /* cellaView.m in Sources */ = {isa = PBXBuildFile; fileRef = FC2BCFEB1744229E00D7F4C3 /* cellaView.m */; };
		FC2BD00A1744252500D7F4C3 /* dettaglioViewController.m in Sources */ = {isa = PBXBuildFile; fileRef = FC2BCFEE1744229E00D7F4C3 /* dettaglioViewController.m */; };
		FC2BD00B1744252D00D7F4C3 /* playViewController.m in Sources */ = {isa = PBXBuildFile; fileRef = FC2BCFFE1744229E00D7F4C3 /* playViewController.m */; };
		FC2BD00C1744253300D7F4C3 /* webViewController.m in Sources */ = {isa = PBXBuildFile; fileRef = FC2BD0071744229E00D7F4C3 /* webViewController.m */; };
		FC7065721744EA4A00732381 /* SKIFIDOLLAR.plist in Resources */ = {isa = PBXBuildFile; fileRef = FC7065711744EA4A00732381 /* SKIFIDOLLAR.plist */; };
		FC70658C1744EA5300732381 /* Albano Sovrumano.png in Resources */ = {isa = PBXBuildFile; fileRef = FC7065741744EA5300732381 /* Albano Sovrumano.png */; };
		FC70658E1744EA5300732381 /* Bruce Pus.png in Resources */ = {isa = PBXBuildFile; fileRef = FC7065761744EA5300732381 /* Bruce Pus.png */; };
		FC70658F1744EA5300732381 /* Ciccio Pasticcio.png in Resources */ = {isa = PBXBuildFile; fileRef = FC7065771744EA5300732381 /* Ciccio Pasticcio.png */; };
		FC7065901744EA5300732381 /* Dino Sauro.png in Resources */ = {isa = PBXBuildFile; fileRef = FC7065781744EA5300732381 /* Dino Sauro.png */; };
		FC7065911744EA5300732381 /* Fortunato Intasato.png in Resources */ = {isa = PBXBuildFile; fileRef = FC7065791744EA5300732381 /* Fortunato Intasato.png */; };
		FC7065921744EA5300732381 /* Gastone Puzzone.png in Resources */ = {isa = PBXBuildFile; fileRef = FC70657A1744EA5300732381 /* Gastone Puzzone.png */; };
		FC7065931744EA5300732381 /* Gedeone Pustolone.png in Resources */ = {isa = PBXBuildFile; fileRef = FC70657B1744EA5300732381 /* Gedeone Pustolone.png */; };
		FC7065941744EA5300732381 /* Giacomino Spuntino.png in Resources */ = {isa = PBXBuildFile; fileRef = FC70657C1744EA5300732381 /* Giacomino Spuntino.png */; };
		FC7065951744EA5300732381 /* Gustavo Lacacca.png in Resources */ = {isa = PBXBuildFile; fileRef = FC70657D1744EA5300732381 /* Gustavo Lacacca.png */; };
		FC7065961744EA5300732381 /* icona_play.png in Resources */ = {isa = PBXBuildFile; fileRef = FC70657E1744EA5300732381 /* icona_play.png */; };
		FC7065971744EA5300732381 /* IDCNews.png in Resources */ = {isa = PBXBuildFile; fileRef = FC70657F1744EA5300732381 /* IDCNews.png */; };
		FC7065981744EA5300732381 /* Isabella Pocobella.png in Resources */ = {isa = PBXBuildFile; fileRef = FC7065801744EA5300732381 /* Isabella Pocobella.png */; };
		FC7065991744EA5300732381 /* Lollo Caccamollo.png in Resources */ = {isa = PBXBuildFile; fileRef = FC7065811744EA5300732381 /* Lollo Caccamollo.png */; };
		FC70659A1744EA5300732381 /* Matteo Babbeo.png in Resources */ = {isa = PBXBuildFile; fileRef = FC7065821744EA5300732381 /* Matteo Babbeo.png */; };
		FC70659B1744EA5300732381 /* Mirkone Marcione.png in Resources */ = {isa = PBXBuildFile; fileRef = FC7065831744EA5300732381 /* Mirkone Marcione.png */; };
		FC70659C1744EA5300732381 /* Pamela Facciadimela.png in Resources */ = {isa = PBXBuildFile; fileRef = FC7065841744EA5300732381 /* Pamela Facciadimela.png */; };
		FC70659D1744EA5300732381 /* Petronilla Megatonsilla.png in Resources */ = {isa = PBXBuildFile; fileRef = FC7065851744EA5300732381 /* Petronilla Megatonsilla.png */; };
		FC70659E1744EA5300732381 /* Quadrato_bianco_scritta.png in Resources */ = {isa = PBXBuildFile; fileRef = FC7065861744EA5300732381 /* Quadrato_bianco_scritta.png */; };
		FC70659F1744EA5300732381 /* Renato Cariato.png in Resources */ = {isa = PBXBuildFile; fileRef = FC7065871744EA5300732381 /* Renato Cariato.png */; };
		FC7065A01744EA5300732381 /* Ruggero Occhionero.png in Resources */ = {isa = PBXBuildFile; fileRef = FC7065881744EA5300732381 /* Ruggero Occhionero.png */; };
		FC7065A11744EA5300732381 /* Teodoro Pomodoro.png in Resources */ = {isa = PBXBuildFile; fileRef = FC7065891744EA5300732381 /* Teodoro Pomodoro.png */; };
		FC7065A21744EA5300732381 /* Tiziano Vulcano.png in Resources */ = {isa = PBXBuildFile; fileRef = FC70658A1744EA5300732381 /* Tiziano Vulcano.png */; };
		FC7065A31744EA5300732381 /* Valentino Nasofino.png in Resources */ = {isa = PBXBuildFile; fileRef = FC70658B1744EA5300732381 /* Valentino Nasofino.png */; };
		FC7EF3C3174FA71400BE7DEB /* Banconote.png in Resources */ = {isa = PBXBuildFile; fileRef = FC7EF3C2174FA71400BE7DEB /* Banconote.png */; };
		FC7EF3CA174FA72200BE7DEB /* MessaggioKO.png in Resources */ = {isa = PBXBuildFile; fileRef = FC7EF3C4174FA72200BE7DEB /* MessaggioKO.png */; };
		FC7EF3CB174FA72200BE7DEB /* MessaggioOK.png in Resources */ = {isa = PBXBuildFile; fileRef = FC7EF3C5174FA72200BE7DEB /* MessaggioOK.png */; };
		FC7EF3CC174FA72200BE7DEB /* SimboloPer.png in Resources */ = {isa = PBXBuildFile; fileRef = FC7EF3C6174FA72200BE7DEB /* SimboloPer.png */; };
		FC7EF3CD174FA72200BE7DEB /* SimboloPiù.png in Resources */ = {isa = PBXBuildFile; fileRef = FC7EF3C7174FA72200BE7DEB /* SimboloPiù.png */; };
		FC7EF3CE174FA72200BE7DEB /* SimboloUguale.png in Resources */ = {isa = PBXBuildFile; fileRef = FC7EF3C8174FA72200BE7DEB /* SimboloUguale.png */; };
		FC7EF3CF174FA72200BE7DEB /* TestoTab2.png in Resources */ = {isa = PBXBuildFile; fileRef = FC7EF3C9174FA72200BE7DEB /* TestoTab2.png */; };
		FC7EF3E4174FA73500BE7DEB /* 0.5.jpg in Resources */ = {isa = PBXBuildFile; fileRef = FC7EF3D0174FA73500BE7DEB /* 0.5.jpg */; };
		FC7EF3E5174FA73500BE7DEB /* 1.jpg in Resources */ = {isa = PBXBuildFile; fileRef = FC7EF3D1174FA73500BE7DEB /* 1.jpg */; };
		FC7EF3E6174FA73500BE7DEB /* 2.jpg in Resources */ = {isa = PBXBuildFile; fileRef = FC7EF3D2174FA73500BE7DEB /* 2.jpg */; };
		FC7EF3E7174FA73500BE7DEB /* 5.jpg in Resources */ = {isa = PBXBuildFile; fileRef = FC7EF3D3174FA73500BE7DEB /* 5.jpg */; };
		FC7EF3E8174FA73500BE7DEB /* 10.jpg in Resources */ = {isa = PBXBuildFile; fileRef = FC7EF3D4174FA73500BE7DEB /* 10.jpg */; };
		FC7EF3E9174FA73500BE7DEB /* 20.jpg in Resources */ = {isa = PBXBuildFile; fileRef = FC7EF3D5174FA73500BE7DEB /* 20.jpg */; };
		FC7EF3EA174FA73500BE7DEB /* 50.jpg in Resources */ = {isa = PBXBuildFile; fileRef = FC7EF3D6174FA73500BE7DEB /* 50.jpg */; };
		FC7EF3EB174FA73500BE7DEB /* 100.jpg in Resources */ = {isa = PBXBuildFile; fileRef = FC7EF3D7174FA73500BE7DEB /* 100.jpg */; };
		FC7EF3EC174FA73500BE7DEB /* 200.jpg in Resources */ = {isa = PBXBuildFile; fileRef = FC7EF3D8174FA73500BE7DEB /* 200.jpg */; };
		FC7EF3ED174FA73500BE7DEB /* 500.jpg in Resources */ = {isa = PBXBuildFile; fileRef = FC7EF3D9174FA73500BE7DEB /* 500.jpg */; };
		FC7EF3EE174FA73500BE7DEB /* 1000.jpg in Resources */ = {isa = PBXBuildFile; fileRef = FC7EF3DA174FA73500BE7DEB /* 1000.jpg */; };
		FC7EF3EF174FA73500BE7DEB /* 2000.jpg in Resources */ = {isa = PBXBuildFile; fileRef = FC7EF3DB174FA73500BE7DEB /* 2000.jpg */; };
		FC7EF3F0174FA73500BE7DEB /* 5000.jpg in Resources */ = {isa = PBXBuildFile; fileRef = FC7EF3DC174FA73500BE7DEB /* 5000.jpg */; };
		FC7EF3F1174FA73500BE7DEB /* 10000.jpg in Resources */ = {isa = PBXBuildFile; fileRef = FC7EF3DD174FA73500BE7DEB /* 10000.jpg */; };
		FC7EF3F2174FA73500BE7DEB /* 20000.jpg in Resources */ = {isa = PBXBuildFile; fileRef = FC7EF3DE174FA73500BE7DEB /* 20000.jpg */; };
		FC7EF3F3174FA73500BE7DEB /* 50000.jpg in Resources */ = {isa = PBXBuildFile; fileRef = FC7EF3DF174FA73500BE7DEB /* 50000.jpg */; };
		FC7EF3F4174FA73500BE7DEB /* 100000.jpg in Resources */ = {isa = PBXBuildFile; fileRef = FC7EF3E0174FA73500BE7DEB /* 100000.jpg */; };
		FC7EF3F5174FA73500BE7DEB /* 200000.jpg in Resources */ = {isa = PBXBuildFile; fileRef = FC7EF3E1174FA73500BE7DEB /* 200000.jpg */; };
		FC7EF3F6174FA73500BE7DEB /* 500000.jpg in Resources */ = {isa = PBXBuildFile; fileRef = FC7EF3E2174FA73500BE7DEB /* 500000.jpg */; };
		FC7EF3F7174FA73500BE7DEB /* 1000000.jpg in Resources */ = {isa = PBXBuildFile; fileRef = FC7EF3E3174FA73500BE7DEB /* 1000000.jpg */; };
		FC7EF3FA174FAA5000BE7DEB /* giocoDollarViewController.m in Sources */ = {isa = PBXBuildFile; fileRef = FC7EF3F9174FAA5000BE7DEB /* giocoDollarViewController.m */; };
		FC7EF3FC174FAC7400BE7DEB /* dollars.plist in Resources */ = {isa = PBXBuildFile; fileRef = FC7EF3FB174FAC7400BE7DEB /* dollars.plist */; };
		FC7EF3FE174FBF0100BE7DEB /* +.png in Resources */ = {isa = PBXBuildFile; fileRef = FC7EF3FD174FBF0100BE7DEB /* +.png */; };
/* End PBXBuildFile section */

/* Begin PBXFileReference section */
		B400EA8A1746194B00156622 /* Default.png */ = {isa = PBXFileReference; lastKnownFileType = image.png; path = Default.png; sourceTree = "<group>"; };
		B400EA8C1746197E00156622 /* Default@2x.png */ = {isa = PBXFileReference; lastKnownFileType = image.png; path = "Default@2x.png"; sourceTree = "<group>"; };
		B400EA8E174619A000156622 /* Default-568h@2x.png */ = {isa = PBXFileReference; lastKnownFileType = image.png; path = "Default-568h@2x.png"; sourceTree = "<group>"; };
		B400EA9017461C9400156622 /* Testo.png */ = {isa = PBXFileReference; lastKnownFileType = image.png; path = Testo.png; sourceTree = "<group>"; };
		B459986217461E0700916DD2 /* Bottone_inizia_partita.png */ = {isa = PBXFileReference; lastKnownFileType = image.png; path = Bottone_inizia_partita.png; sourceTree = "<group>"; };
		FC2BCFBB174421D100D7F4C3 /* Skifidollar.app */ = {isa = PBXFileReference; explicitFileType = wrapper.application; includeInIndex = 0; path = Skifidollar.app; sourceTree = BUILT_PRODUCTS_DIR; };
		FC2BCFBE174421D100D7F4C3 /* UIKit.framework */ = {isa = PBXFileReference; lastKnownFileType = wrapper.framework; name = UIKit.framework; path = System/Library/Frameworks/UIKit.framework; sourceTree = SDKROOT; };
		FC2BCFC0174421D100D7F4C3 /* Foundation.framework */ = {isa = PBXFileReference; lastKnownFileType = wrapper.framework; name = Foundation.framework; path = System/Library/Frameworks/Foundation.framework; sourceTree = SDKROOT; };
		FC2BCFC2174421D100D7F4C3 /* CoreGraphics.framework */ = {isa = PBXFileReference; lastKnownFileType = wrapper.framework; name = CoreGraphics.framework; path = System/Library/Frameworks/CoreGraphics.framework; sourceTree = SDKROOT; };
		FC2BCFC6174421D100D7F4C3 /* Skifidollar.temp_caseinsensitive_rename-Info.plist */ = {isa = PBXFileReference; lastKnownFileType = text.plist.xml; path = "Skifidollar.temp_caseinsensitive_rename-Info.plist"; sourceTree = "<group>"; };
		FC2BCFC8174421D100D7F4C3 /* en */ = {isa = PBXFileReference; lastKnownFileType = text.plist.strings; name = en; path = en.lproj/InfoPlist.strings; sourceTree = "<group>"; };
		FC2BCFCA174421D100D7F4C3 /* main.m */ = {isa = PBXFileReference; lastKnownFileType = sourcecode.c.objc; path = main.m; sourceTree = "<group>"; };
		FC2BCFCC174421D100D7F4C3 /* Skifidollar.temp_caseinsensitive_rename-Prefix.pch */ = {isa = PBXFileReference; lastKnownFileType = sourcecode.c.h; path = "Skifidollar.temp_caseinsensitive_rename-Prefix.pch"; sourceTree = "<group>"; };
		FC2BCFCD174421D200D7F4C3 /* AppDelegate.h */ = {isa = PBXFileReference; lastKnownFileType = sourcecode.c.h; path = AppDelegate.h; sourceTree = "<group>"; };
		FC2BCFCE174421D200D7F4C3 /* AppDelegate.m */ = {isa = PBXFileReference; lastKnownFileType = sourcecode.c.objc; path = AppDelegate.m; sourceTree = "<group>"; };
		FC2BCFE11744221A00D7F4C3 /* Skifidollar_logo57.png */ = {isa = PBXFileReference; lastKnownFileType = image.png; path = Skifidollar_logo57.png; sourceTree = "<group>"; };
		FC2BCFE31744221C00D7F4C3 /* Skifidollar_logo114.png */ = {isa = PBXFileReference; lastKnownFileType = image.png; path = Skifidollar_logo114.png; sourceTree = "<group>"; };
		FC2BCFE51744223A00D7F4C3 /* MainStoryboard_iPhone.storyboard */ = {isa = PBXFileReference; fileEncoding = 4; lastKnownFileType = file.storyboard; name = MainStoryboard_iPhone.storyboard; path = SKIFIDOLLAR/MainStoryboard_iPhone.storyboard; sourceTree = SOURCE_ROOT; };
		FC2BCFEA1744229E00D7F4C3 /* cellaView.h */ = {isa = PBXFileReference; lastKnownFileType = sourcecode.c.h; path = cellaView.h; sourceTree = "<group>"; };
		FC2BCFEB1744229E00D7F4C3 /* cellaView.m */ = {isa = PBXFileReference; lastKnownFileType = sourcecode.c.objc; path = cellaView.m; sourceTree = "<group>"; };
		FC2BCFED1744229E00D7F4C3 /* dettaglioViewController.h */ = {isa = PBXFileReference; lastKnownFileType = sourcecode.c.h; path = dettaglioViewController.h; sourceTree = "<group>"; };
		FC2BCFEE1744229E00D7F4C3 /* dettaglioViewController.m */ = {isa = PBXFileReference; lastKnownFileType = sourcecode.c.objc; path = dettaglioViewController.m; sourceTree = "<group>"; };
		FC2BCFFD1744229E00D7F4C3 /* playViewController.h */ = {isa = PBXFileReference; lastKnownFileType = sourcecode.c.h; path = playViewController.h; sourceTree = "<group>"; };
		FC2BCFFE1744229E00D7F4C3 /* playViewController.m */ = {isa = PBXFileReference; lastKnownFileType = sourcecode.c.objc; path = playViewController.m; sourceTree = "<group>"; };
		FC2BD0061744229E00D7F4C3 /* webViewController.h */ = {isa = PBXFileReference; lastKnownFileType = sourcecode.c.h; path = webViewController.h; sourceTree = "<group>"; };
		FC2BD0071744229E00D7F4C3 /* webViewController.m */ = {isa = PBXFileReference; lastKnownFileType = sourcecode.c.objc; path = webViewController.m; sourceTree = "<group>"; };
		FC7065711744EA4A00732381 /* SKIFIDOLLAR.plist */ = {isa = PBXFileReference; fileEncoding = 4; lastKnownFileType = text.plist.xml; path = SKIFIDOLLAR.plist; sourceTree = "<group>"; };
		FC7065741744EA5300732381 /* Albano Sovrumano.png */ = {isa = PBXFileReference; lastKnownFileType = image.png; path = "Albano Sovrumano.png"; sourceTree = "<group>"; };
		FC7065761744EA5300732381 /* Bruce Pus.png */ = {isa = PBXFileReference; lastKnownFileType = image.png; path = "Bruce Pus.png"; sourceTree = "<group>"; };
		FC7065771744EA5300732381 /* Ciccio Pasticcio.png */ = {isa = PBXFileReference; lastKnownFileType = image.png; path = "Ciccio Pasticcio.png"; sourceTree = "<group>"; };
		FC7065781744EA5300732381 /* Dino Sauro.png */ = {isa = PBXFileReference; lastKnownFileType = image.png; path = "Dino Sauro.png"; sourceTree = "<group>"; };
		FC7065791744EA5300732381 /* Fortunato Intasato.png */ = {isa = PBXFileReference; lastKnownFileType = image.png; path = "Fortunato Intasato.png"; sourceTree = "<group>"; };
		FC70657A1744EA5300732381 /* Gastone Puzzone.png */ = {isa = PBXFileReference; lastKnownFileType = image.png; path = "Gastone Puzzone.png"; sourceTree = "<group>"; };
		FC70657B1744EA5300732381 /* Gedeone Pustolone.png */ = {isa = PBXFileReference; lastKnownFileType = image.png; path = "Gedeone Pustolone.png"; sourceTree = "<group>"; };
		FC70657C1744EA5300732381 /* Giacomino Spuntino.png */ = {isa = PBXFileReference; lastKnownFileType = image.png; path = "Giacomino Spuntino.png"; sourceTree = "<group>"; };
		FC70657D1744EA5300732381 /* Gustavo Lacacca.png */ = {isa = PBXFileReference; lastKnownFileType = image.png; path = "Gustavo Lacacca.png"; sourceTree = "<group>"; };
		FC70657E1744EA5300732381 /* icona_play.png */ = {isa = PBXFileReference; lastKnownFileType = image.png; path = icona_play.png; sourceTree = "<group>"; };
		FC70657F1744EA5300732381 /* IDCNews.png */ = {isa = PBXFileReference; lastKnownFileType = image.png; path = IDCNews.png; sourceTree = "<group>"; };
		FC7065801744EA5300732381 /* Isabella Pocobella.png */ = {isa = PBXFileReference; lastKnownFileType = image.png; path = "Isabella Pocobella.png"; sourceTree = "<group>"; };
		FC7065811744EA5300732381 /* Lollo Caccamollo.png */ = {isa = PBXFileReference; lastKnownFileType = image.png; path = "Lollo Caccamollo.png"; sourceTree = "<group>"; };
		FC7065821744EA5300732381 /* Matteo Babbeo.png */ = {isa = PBXFileReference; lastKnownFileType = image.png; path = "Matteo Babbeo.png"; sourceTree = "<group>"; };
		FC7065831744EA5300732381 /* Mirkone Marcione.png */ = {isa = PBXFileReference; lastKnownFileType = image.png; path = "Mirkone Marcione.png"; sourceTree = "<group>"; };
		FC7065841744EA5300732381 /* Pamela Facciadimela.png */ = {isa = PBXFileReference; lastKnownFileType = image.png; path = "Pamela Facciadimela.png"; sourceTree = "<group>"; };
		FC7065851744EA5300732381 /* Petronilla Megatonsilla.png */ = {isa = PBXFileReference; lastKnownFileType = image.png; path = "Petronilla Megatonsilla.png"; sourceTree = "<group>"; };
		FC7065861744EA5300732381 /* Quadrato_bianco_scritta.png */ = {isa = PBXFileReference; lastKnownFileType = image.png; path = Quadrato_bianco_scritta.png; sourceTree = "<group>"; };
		FC7065871744EA5300732381 /* Renato Cariato.png */ = {isa = PBXFileReference; lastKnownFileType = image.png; path = "Renato Cariato.png"; sourceTree = "<group>"; };
		FC7065881744EA5300732381 /* Ruggero Occhionero.png */ = {isa = PBXFileReference; lastKnownFileType = image.png; path = "Ruggero Occhionero.png"; sourceTree = "<group>"; };
		FC7065891744EA5300732381 /* Teodoro Pomodoro.png */ = {isa = PBXFileReference; lastKnownFileType = image.png; path = "Teodoro Pomodoro.png"; sourceTree = "<group>"; };
		FC70658A1744EA5300732381 /* Tiziano Vulcano.png */ = {isa = PBXFileReference; lastKnownFileType = image.png; path = "Tiziano Vulcano.png"; sourceTree = "<group>"; };
		FC70658B1744EA5300732381 /* Valentino Nasofino.png */ = {isa = PBXFileReference; lastKnownFileType = image.png; path = "Valentino Nasofino.png"; sourceTree = "<group>"; };
		FC7EF3C2174FA71400BE7DEB /* Banconote.png */ = {isa = PBXFileReference; lastKnownFileType = image.png; path = Banconote.png; sourceTree = "<group>"; };
		FC7EF3C4174FA72200BE7DEB /* MessaggioKO.png */ = {isa = PBXFileReference; lastKnownFileType = image.png; path = MessaggioKO.png; sourceTree = "<group>"; };
		FC7EF3C5174FA72200BE7DEB /* MessaggioOK.png */ = {isa = PBXFileReference; lastKnownFileType = image.png; path = MessaggioOK.png; sourceTree = "<group>"; };
		FC7EF3C6174FA72200BE7DEB /* SimboloPer.png */ = {isa = PBXFileReference; lastKnownFileType = image.png; path = SimboloPer.png; sourceTree = "<group>"; };
		FC7EF3C7174FA72200BE7DEB /* SimboloPiù.png */ = {isa = PBXFileReference; lastKnownFileType = image.png; path = "SimboloPiù.png"; sourceTree = "<group>"; };
		FC7EF3C8174FA72200BE7DEB /* SimboloUguale.png */ = {isa = PBXFileReference; lastKnownFileType = image.png; path = SimboloUguale.png; sourceTree = "<group>"; };
		FC7EF3C9174FA72200BE7DEB /* TestoTab2.png */ = {isa = PBXFileReference; lastKnownFileType = image.png; path = TestoTab2.png; sourceTree = "<group>"; };
		FC7EF3D0174FA73500BE7DEB /* 0.5.jpg */ = {isa = PBXFileReference; lastKnownFileType = image.jpeg; path = 0.5.jpg; sourceTree = "<group>"; };
		FC7EF3D1174FA73500BE7DEB /* 1.jpg */ = {isa = PBXFileReference; lastKnownFileType = image.jpeg; path = 1.jpg; sourceTree = "<group>"; };
		FC7EF3D2174FA73500BE7DEB /* 2.jpg */ = {isa = PBXFileReference; lastKnownFileType = image.jpeg; path = 2.jpg; sourceTree = "<group>"; };
		FC7EF3D3174FA73500BE7DEB /* 5.jpg */ = {isa = PBXFileReference; lastKnownFileType = image.jpeg; path = 5.jpg; sourceTree = "<group>"; };
		FC7EF3D4174FA73500BE7DEB /* 10.jpg */ = {isa = PBXFileReference; lastKnownFileType = image.jpeg; path = 10.jpg; sourceTree = "<group>"; };
		FC7EF3D5174FA73500BE7DEB /* 20.jpg */ = {isa = PBXFileReference; lastKnownFileType = image.jpeg; path = 20.jpg; sourceTree = "<group>"; };
		FC7EF3D6174FA73500BE7DEB /* 50.jpg */ = {isa = PBXFileReference; lastKnownFileType = image.jpeg; path = 50.jpg; sourceTree = "<group>"; };
		FC7EF3D7174FA73500BE7DEB /* 100.jpg */ = {isa = PBXFileReference; lastKnownFileType = image.jpeg; path = 100.jpg; sourceTree = "<group>"; };
		FC7EF3D8174FA73500BE7DEB /* 200.jpg */ = {isa = PBXFileReference; lastKnownFileType = image.jpeg; path = 200.jpg; sourceTree = "<group>"; };
		FC7EF3D9174FA73500BE7DEB /* 500.jpg */ = {isa = PBXFileReference; lastKnownFileType = image.jpeg; path = 500.jpg; sourceTree = "<group>"; };
		FC7EF3DA174FA73500BE7DEB /* 1000.jpg */ = {isa = PBXFileReference; lastKnownFileType = image.jpeg; path = 1000.jpg; sourceTree = "<group>"; };
		FC7EF3DB174FA73500BE7DEB /* 2000.jpg */ = {isa = PBXFileReference; lastKnownFileType = image.jpeg; path = 2000.jpg; sourceTree = "<group>"; };
		FC7EF3DC174FA73500BE7DEB /* 5000.jpg */ = {isa = PBXFileReference; lastKnownFileType = image.jpeg; path = 5000.jpg; sourceTree = "<group>"; };
		FC7EF3DD174FA73500BE7DEB /* 10000.jpg */ = {isa = PBXFileReference; lastKnownFileType = image.jpeg; path = 10000.jpg; sourceTree = "<group>"; };
		FC7EF3DE174FA73500BE7DEB /* 20000.jpg */ = {isa = PBXFileReference; lastKnownFileType = image.jpeg; path = 20000.jpg; sourceTree = "<group>"; };
		FC7EF3DF174FA73500BE7DEB /* 50000.jpg */ = {isa = PBXFileReference; lastKnownFileType = image.jpeg; path = 50000.jpg; sourceTree = "<group>"; };
		FC7EF3E0174FA73500BE7DEB /* 100000.jpg */ = {isa = PBXFileReference; lastKnownFileType = image.jpeg; path = 100000.jpg; sourceTree = "<group>"; };
		FC7EF3E1174FA73500BE7DEB /* 200000.jpg */ = {isa = PBXFileReference; lastKnownFileType = image.jpeg; path = 200000.jpg; sourceTree = "<group>"; };
		FC7EF3E2174FA73500BE7DEB /* 500000.jpg */ = {isa = PBXFileReference; lastKnownFileType = image.jpeg; path = 500000.jpg; sourceTree = "<group>"; };
		FC7EF3E3174FA73500BE7DEB /* 1000000.jpg */ = {isa = PBXFileReference; lastKnownFileType = image.jpeg; path = 1000000.jpg; sourceTree = "<group>"; };
		FC7EF3F8174FAA5000BE7DEB /* giocoDollarViewController.h */ = {isa = PBXFileReference; fileEncoding = 4; lastKnownFileType = sourcecode.c.h; path = giocoDollarViewController.h; sourceTree = "<group>"; };
		FC7EF3F9174FAA5000BE7DEB /* giocoDollarViewController.m */ = {isa = PBXFileReference; fileEncoding = 4; lastKnownFileType = sourcecode.c.objc; path = giocoDollarViewController.m; sourceTree = "<group>"; };
		FC7EF3FB174FAC7400BE7DEB /* dollars.plist */ = {isa = PBXFileReference; fileEncoding = 4; lastKnownFileType = text.plist.xml; path = dollars.plist; sourceTree = "<group>"; };
		FC7EF3FD174FBF0100BE7DEB /* +.png */ = {isa = PBXFileReference; lastKnownFileType = image.png; path = "+.png"; sourceTree = "<group>"; };
/* End PBXFileReference section */

/* Begin PBXFrameworksBuildPhase section */
		FC2BCFB8174421D100D7F4C3 /* Frameworks */ = {
			isa = PBXFrameworksBuildPhase;
			buildActionMask = 2147483647;
			files = (
				FC2BCFBF174421D100D7F4C3 /* UIKit.framework in Frameworks */,
				FC2BCFC1174421D100D7F4C3 /* Foundation.framework in Frameworks */,
				FC2BCFC3174421D100D7F4C3 /* CoreGraphics.framework in Frameworks */,
			);
			runOnlyForDeploymentPostprocessing = 0;
		};
/* End PBXFrameworksBuildPhase section */

/* Begin PBXGroup section */
		FC2BCFB2174421D100D7F4C3 = {
			isa = PBXGroup;
			children = (
				FC2BCFE31744221C00D7F4C3 /* Skifidollar_logo114.png */,
				B400EA8A1746194B00156622 /* Default.png */,
				B400EA8E174619A000156622 /* Default-568h@2x.png */,
				B400EA8C1746197E00156622 /* Default@2x.png */,
				FC2BCFE11744221A00D7F4C3 /* Skifidollar_logo57.png */,
				FC2BCFC4174421D100D7F4C3 /* SKIFIDOLLAR */,
				FC2BCFBD174421D100D7F4C3 /* Frameworks */,
				FC2BCFBC174421D100D7F4C3 /* Products */,
			);
			sourceTree = "<group>";
		};
		FC2BCFBC174421D100D7F4C3 /* Products */ = {
			isa = PBXGroup;
			children = (
				FC2BCFBB174421D100D7F4C3 /* Skifidollar.app */,
			);
			name = Products;
			sourceTree = "<group>";
		};
		FC2BCFBD174421D100D7F4C3 /* Frameworks */ = {
			isa = PBXGroup;
			children = (
				FC2BCFBE174421D100D7F4C3 /* UIKit.framework */,
				FC2BCFC0174421D100D7F4C3 /* Foundation.framework */,
				FC2BCFC2174421D100D7F4C3 /* CoreGraphics.framework */,
			);
			name = Frameworks;
			sourceTree = "<group>";
		};
		FC2BCFC4174421D100D7F4C3 /* SKIFIDOLLAR */ = {
			isa = PBXGroup;
			children = (
				FC7065731744EA5300732381 /* image */,
				FC2BCFEA1744229E00D7F4C3 /* cellaView.h */,
				FC2BCFEB1744229E00D7F4C3 /* cellaView.m */,
				FC2BCFED1744229E00D7F4C3 /* dettaglioViewController.h */,
				FC2BCFEE1744229E00D7F4C3 /* dettaglioViewController.m */,
				FC7065711744EA4A00732381 /* SKIFIDOLLAR.plist */,
				FC7EF3FB174FAC7400BE7DEB /* dollars.plist */,
				FC2BCFFD1744229E00D7F4C3 /* playViewController.h */,
				FC2BCFFE1744229E00D7F4C3 /* playViewController.m */,
				FC2BD0061744229E00D7F4C3 /* webViewController.h */,
				FC2BD0071744229E00D7F4C3 /* webViewController.m */,
				FC7EF3F8174FAA5000BE7DEB /* giocoDollarViewController.h */,
				FC7EF3F9174FAA5000BE7DEB /* giocoDollarViewController.m */,
				FC2BCFCD174421D200D7F4C3 /* AppDelegate.h */,
				FC2BCFCE174421D200D7F4C3 /* AppDelegate.m */,
				FC2BCFE51744223A00D7F4C3 /* MainStoryboard_iPhone.storyboard */,
				FC2BCFC5174421D100D7F4C3 /* Supporting Files */,
			);
			path = SKIFIDOLLAR;
			sourceTree = "<group>";
		};
		FC2BCFC5174421D100D7F4C3 /* Supporting Files */ = {
			isa = PBXGroup;
			children = (
				FC2BCFC6174421D100D7F4C3 /* Skifidollar.temp_caseinsensitive_rename-Info.plist */,
				FC2BCFC7174421D100D7F4C3 /* InfoPlist.strings */,
				FC2BCFCA174421D100D7F4C3 /* main.m */,
				FC2BCFCC174421D100D7F4C3 /* Skifidollar.temp_caseinsensitive_rename-Prefix.pch */,
			);
			name = "Supporting Files";
			sourceTree = "<group>";
		};
		FC7065731744EA5300732381 /* image */ = {
			isa = PBXGroup;
			children = (
				B400EA9017461C9400156622 /* Testo.png */,
				FC7065741744EA5300732381 /* Albano Sovrumano.png */,
				FC7065761744EA5300732381 /* Bruce Pus.png */,
				B459986217461E0700916DD2 /* Bottone_inizia_partita.png */,
				FC7065771744EA5300732381 /* Ciccio Pasticcio.png */,
				FC7065781744EA5300732381 /* Dino Sauro.png */,
				FC7065791744EA5300732381 /* Fortunato Intasato.png */,
				FC70657A1744EA5300732381 /* Gastone Puzzone.png */,
				FC70657B1744EA5300732381 /* Gedeone Pustolone.png */,
				FC70657C1744EA5300732381 /* Giacomino Spuntino.png */,
				FC70657D1744EA5300732381 /* Gustavo Lacacca.png */,
				FC70657E1744EA5300732381 /* icona_play.png */,
				FC70657F1744EA5300732381 /* IDCNews.png */,
				FC7065801744EA5300732381 /* Isabella Pocobella.png */,
				FC7065811744EA5300732381 /* Lollo Caccamollo.png */,
				FC7065821744EA5300732381 /* Matteo Babbeo.png */,
				FC7065831744EA5300732381 /* Mirkone Marcione.png */,
				FC7065841744EA5300732381 /* Pamela Facciadimela.png */,
				FC7065851744EA5300732381 /* Petronilla Megatonsilla.png */,
				FC7065861744EA5300732381 /* Quadrato_bianco_scritta.png */,
				FC7065871744EA5300732381 /* Renato Cariato.png */,
				FC7065881744EA5300732381 /* Ruggero Occhionero.png */,
				FC7065891744EA5300732381 /* Teodoro Pomodoro.png */,
				FC70658A1744EA5300732381 /* Tiziano Vulcano.png */,
				FC70658B1744EA5300732381 /* Valentino Nasofino.png */,
				FC7EF3C2174FA71400BE7DEB /* Banconote.png */,
				FC7EF3C4174FA72200BE7DEB /* MessaggioKO.png */,
				FC7EF3C5174FA72200BE7DEB /* MessaggioOK.png */,
				FC7EF3C6174FA72200BE7DEB /* SimboloPer.png */,
				FC7EF3C7174FA72200BE7DEB /* SimboloPiù.png */,
				FC7EF3C8174FA72200BE7DEB /* SimboloUguale.png */,
				FC7EF3C9174FA72200BE7DEB /* TestoTab2.png */,
				FC7EF3FD174FBF0100BE7DEB /* +.png */,
				FC7EF3D0174FA73500BE7DEB /* 0.5.jpg */,
				FC7EF3D1174FA73500BE7DEB /* 1.jpg */,
				FC7EF3D2174FA73500BE7DEB /* 2.jpg */,
				FC7EF3D3174FA73500BE7DEB /* 5.jpg */,
				FC7EF3D4174FA73500BE7DEB /* 10.jpg */,
				FC7EF3D5174FA73500BE7DEB /* 20.jpg */,
				FC7EF3D6174FA73500BE7DEB /* 50.jpg */,
				FC7EF3D7174FA73500BE7DEB /* 100.jpg */,
				FC7EF3D8174FA73500BE7DEB /* 200.jpg */,
				FC7EF3D9174FA73500BE7DEB /* 500.jpg */,
				FC7EF3DA174FA73500BE7DEB /* 1000.jpg */,
				FC7EF3DB174FA73500BE7DEB /* 2000.jpg */,
				FC7EF3DC174FA73500BE7DEB /* 5000.jpg */,
				FC7EF3DD174FA73500BE7DEB /* 10000.jpg */,
				FC7EF3DE174FA73500BE7DEB /* 20000.jpg */,
				FC7EF3DF174FA73500BE7DEB /* 50000.jpg */,
				FC7EF3E0174FA73500BE7DEB /* 100000.jpg */,
				FC7EF3E1174FA73500BE7DEB /* 200000.jpg */,
				FC7EF3E2174FA73500BE7DEB /* 500000.jpg */,
				FC7EF3E3174FA73500BE7DEB /* 1000000.jpg */,
			);
			path = image;
			sourceTree = "<group>";
		};
/* End PBXGroup section */

/* Begin PBXNativeTarget section */
		FC2BCFBA174421D100D7F4C3 /* Skifidollar */ = {
			isa = PBXNativeTarget;
			buildConfigurationList = FC2BCFD8174421D200D7F4C3 /* Build configuration list for PBXNativeTarget "Skifidollar" */;
			buildPhases = (
				FC2BCFB7174421D100D7F4C3 /* Sources */,
				FC2BCFB8174421D100D7F4C3 /* Frameworks */,
				FC2BCFB9174421D100D7F4C3 /* Resources */,
			);
			buildRules = (
			);
			dependencies = (
			);
			name = Skifidollar;
			productName = SKIFIDOLLAR;
			productReference = FC2BCFBB174421D100D7F4C3 /* Skifidollar.app */;
			productType = "com.apple.product-type.application";
		};
/* End PBXNativeTarget section */

/* Begin PBXProject section */
		FC2BCFB3174421D100D7F4C3 /* Project object */ = {
			isa = PBXProject;
			attributes = {
				LastUpgradeCheck = 0460;
				ORGANIZATIONNAME = "Viviana Liuni";
			};
			buildConfigurationList = FC2BCFB6174421D100D7F4C3 /* Build configuration list for PBXProject "Skifidollar" */;
			compatibilityVersion = "Xcode 3.2";
			developmentRegion = English;
			hasScannedForEncodings = 0;
			knownRegions = (
				en,
			);
			mainGroup = FC2BCFB2174421D100D7F4C3;
			productRefGroup = FC2BCFBC174421D100D7F4C3 /* Products */;
			projectDirPath = "";
			projectRoot = "";
			targets = (
				FC2BCFBA174421D100D7F4C3 /* Skifidollar */,
			);
		};
/* End PBXProject section */

/* Begin PBXResourcesBuildPhase section */
		FC2BCFB9174421D100D7F4C3 /* Resources */ = {
			isa = PBXResourcesBuildPhase;
			buildActionMask = 2147483647;
			files = (
				FC2BCFC9174421D100D7F4C3 /* InfoPlist.strings in Resources */,
				FC2BCFE21744221A00D7F4C3 /* Skifidollar_logo57.png in Resources */,
				FC2BCFE41744221C00D7F4C3 /* Skifidollar_logo114.png in Resources */,
				FC2BCFE61744223A00D7F4C3 /* MainStoryboard_iPhone.storyboard in Resources */,
				FC7065721744EA4A00732381 /* SKIFIDOLLAR.plist in Resources */,
				FC70658C1744EA5300732381 /* Albano Sovrumano.png in Resources */,
				FC70658E1744EA5300732381 /* Bruce Pus.png in Resources */,
				FC70658F1744EA5300732381 /* Ciccio Pasticcio.png in Resources */,
				FC7065901744EA5300732381 /* Dino Sauro.png in Resources */,
				FC7065911744EA5300732381 /* Fortunato Intasato.png in Resources */,
				FC7065921744EA5300732381 /* Gastone Puzzone.png in Resources */,
				FC7065931744EA5300732381 /* Gedeone Pustolone.png in Resources */,
				FC7065941744EA5300732381 /* Giacomino Spuntino.png in Resources */,
				FC7065951744EA5300732381 /* Gustavo Lacacca.png in Resources */,
				FC7065961744EA5300732381 /* icona_play.png in Resources */,
				FC7065971744EA5300732381 /* IDCNews.png in Resources */,
				FC7065981744EA5300732381 /* Isabella Pocobella.png in Resources */,
				FC7065991744EA5300732381 /* Lollo Caccamollo.png in Resources */,
				FC70659A1744EA5300732381 /* Matteo Babbeo.png in Resources */,
				FC70659B1744EA5300732381 /* Mirkone Marcione.png in Resources */,
				FC70659C1744EA5300732381 /* Pamela Facciadimela.png in Resources */,
				FC70659D1744EA5300732381 /* Petronilla Megatonsilla.png in Resources */,
				FC70659E1744EA5300732381 /* Quadrato_bianco_scritta.png in Resources */,
				FC70659F1744EA5300732381 /* Renato Cariato.png in Resources */,
				FC7065A01744EA5300732381 /* Ruggero Occhionero.png in Resources */,
				FC7065A11744EA5300732381 /* Teodoro Pomodoro.png in Resources */,
				FC7065A21744EA5300732381 /* Tiziano Vulcano.png in Resources */,
				FC7065A31744EA5300732381 /* Valentino Nasofino.png in Resources */,
				B400EA8B1746194B00156622 /* Default.png in Resources */,
				B400EA8D1746197E00156622 /* Default@2x.png in Resources */,
				B400EA8F174619A000156622 /* Default-568h@2x.png in Resources */,
				B400EA9117461C9400156622 /* Testo.png in Resources */,
				B459986317461E0700916DD2 /* Bottone_inizia_partita.png in Resources */,
				FC7EF3C3174FA71400BE7DEB /* Banconote.png in Resources */,
				FC7EF3CA174FA72200BE7DEB /* MessaggioKO.png in Resources */,
				FC7EF3CB174FA72200BE7DEB /* MessaggioOK.png in Resources */,
				FC7EF3CC174FA72200BE7DEB /* SimboloPer.png in Resources */,
				FC7EF3CD174FA72200BE7DEB /* SimboloPiù.png in Resources */,
				FC7EF3CE174FA72200BE7DEB /* SimboloUguale.png in Resources */,
				FC7EF3CF174FA72200BE7DEB /* TestoTab2.png in Resources */,
				FC7EF3E4174FA73500BE7DEB /* 0.5.jpg in Resources */,
				FC7EF3E5174FA73500BE7DEB /* 1.jpg in Resources */,
				FC7EF3E6174FA73500BE7DEB /* 2.jpg in Resources */,
				FC7EF3E7174FA73500BE7DEB /* 5.jpg in Resources */,
				FC7EF3E8174FA73500BE7DEB /* 10.jpg in Resources */,
				FC7EF3E9174FA73500BE7DEB /* 20.jpg in Resources */,
				FC7EF3EA174FA73500BE7DEB /* 50.jpg in Resources */,
				FC7EF3EB174FA73500BE7DEB /* 100.jpg in Resources */,
				FC7EF3EC174FA73500BE7DEB /* 200.jpg in Resources */,
				FC7EF3ED174FA73500BE7DEB /* 500.jpg in Resources */,
				FC7EF3EE174FA73500BE7DEB /* 1000.jpg in Resources */,
				FC7EF3EF174FA73500BE7DEB /* 2000.jpg in Resources */,
				FC7EF3F0174FA73500BE7DEB /* 5000.jpg in Resources */,
				FC7EF3F1174FA73500BE7DEB /* 10000.jpg in Resources */,
				FC7EF3F2174FA73500BE7DEB /* 20000.jpg in Resources */,
				FC7EF3F3174FA73500BE7DEB /* 50000.jpg in Resources */,
				FC7EF3F4174FA73500BE7DEB /* 100000.jpg in Resources */,
				FC7EF3F5174FA73500BE7DEB /* 200000.jpg in Resources */,
				FC7EF3F6174FA73500BE7DEB /* 500000.jpg in Resources */,
				FC7EF3F7174FA73500BE7DEB /* 1000000.jpg in Resources */,
				FC7EF3FC174FAC7400BE7DEB /* dollars.plist in Resources */,
				FC7EF3FE174FBF0100BE7DEB /* +.png in Resources */,
			);
			runOnlyForDeploymentPostprocessing = 0;
		};
/* End PBXResourcesBuildPhase section */

/* Begin PBXSourcesBuildPhase section */
		FC2BCFB7174421D100D7F4C3 /* Sources */ = {
			isa = PBXSourcesBuildPhase;
			buildActionMask = 2147483647;
			files = (
				FC2BD00C1744253300D7F4C3 /* webViewController.m in Sources */,
				FC2BD00B1744252D00D7F4C3 /* playViewController.m in Sources */,
				FC2BD00A1744252500D7F4C3 /* dettaglioViewController.m in Sources */,
				FC2BD0091744251A00D7F4C3 /* cellaView.m in Sources */,
				FC2BCFCB174421D100D7F4C3 /* main.m in Sources */,
				FC2BCFCF174421D200D7F4C3 /* AppDelegate.m in Sources */,
				FC7EF3FA174FAA5000BE7DEB /* giocoDollarViewController.m in Sources */,
			);
			runOnlyForDeploymentPostprocessing = 0;
		};
/* End PBXSourcesBuildPhase section */

/* Begin PBXVariantGroup section */
		FC2BCFC7174421D100D7F4C3 /* InfoPlist.strings */ = {
			isa = PBXVariantGroup;
			children = (
				FC2BCFC8174421D100D7F4C3 /* en */,
			);
			name = InfoPlist.strings;
			sourceTree = "<group>";
		};
/* End PBXVariantGroup section */

/* Begin XCBuildConfiguration section */
		FC2BCFD6174421D200D7F4C3 /* Debug */ = {
			isa = XCBuildConfiguration;
			buildSettings = {
				ALWAYS_SEARCH_USER_PATHS = NO;
				CLANG_CXX_LANGUAGE_STANDARD = "gnu++0x";
				CLANG_CXX_LIBRARY = "libc++";
				CLANG_WARN_CONSTANT_CONVERSION = YES;
				CLANG_WARN_EMPTY_BODY = YES;
				CLANG_WARN_ENUM_CONVERSION = YES;
				CLANG_WARN_INT_CONVERSION = YES;
				CLANG_WARN__DUPLICATE_METHOD_MATCH = YES;
				CODE_SIGN_IDENTITY = "";
				"CODE_SIGN_IDENTITY[sdk=iphoneos*]" = "iPhone Developer: Filippo Francesco Giovanni Della Casa (VFQ66KRKFB)";
				COPY_PHASE_STRIP = NO;
				GCC_C_LANGUAGE_STANDARD = gnu99;
				GCC_DYNAMIC_NO_PIC = NO;
				GCC_OPTIMIZATION_LEVEL = 0;
				GCC_PREPROCESSOR_DEFINITIONS = (
					"DEBUG=1",
					"$(inherited)",
				);
				GCC_SYMBOLS_PRIVATE_EXTERN = NO;
				GCC_WARN_ABOUT_RETURN_TYPE = YES;
				GCC_WARN_UNINITIALIZED_AUTOS = YES;
				GCC_WARN_UNUSED_VARIABLE = YES;
				IPHONEOS_DEPLOYMENT_TARGET = 5.0;
				ONLY_ACTIVE_ARCH = YES;
				"PROVISIONING_PROFILE[sdk=iphoneos*]" = "CC3AD70E-74D0-4B3A-90D0-FF7DE3873ED7";
				SDKROOT = iphoneos;
			};
			name = Debug;
		};
		FC2BCFD7174421D200D7F4C3 /* Release */ = {
			isa = XCBuildConfiguration;
			buildSettings = {
				ALWAYS_SEARCH_USER_PATHS = NO;
				CLANG_CXX_LANGUAGE_STANDARD = "gnu++0x";
				CLANG_CXX_LIBRARY = "libc++";
				CLANG_WARN_CONSTANT_CONVERSION = YES;
				CLANG_WARN_EMPTY_BODY = YES;
				CLANG_WARN_ENUM_CONVERSION = YES;
				CLANG_WARN_INT_CONVERSION = YES;
				CLANG_WARN__DUPLICATE_METHOD_MATCH = YES;
				CODE_SIGN_IDENTITY = "";
				"CODE_SIGN_IDENTITY[sdk=iphoneos*]" = "iPhone Developer: Filippo Francesco Giovanni Della Casa (VFQ66KRKFB)";
				COPY_PHASE_STRIP = YES;
				GCC_C_LANGUAGE_STANDARD = gnu99;
				GCC_WARN_ABOUT_RETURN_TYPE = YES;
				GCC_WARN_UNINITIALIZED_AUTOS = YES;
				GCC_WARN_UNUSED_VARIABLE = YES;
				IPHONEOS_DEPLOYMENT_TARGET = 5.0;
				OTHER_CFLAGS = "-DNS_BLOCK_ASSERTIONS=1";
				"PROVISIONING_PROFILE[sdk=iphoneos*]" = "CC3AD70E-74D0-4B3A-90D0-FF7DE3873ED7";
				SDKROOT = iphoneos;
				VALIDATE_PRODUCT = YES;
			};
			name = Release;
		};
		FC2BCFD9174421D200D7F4C3 /* Debug */ = {
			isa = XCBuildConfiguration;
			buildSettings = {
				GCC_PRECOMPILE_PREFIX_HEADER = YES;
				GCC_PREFIX_HEADER = "SKIFIDOLLAR/Skifidollar.temp_caseinsensitive_rename-Prefix.pch";
				INFOPLIST_FILE = "SKIFIDOLLAR/Skifidollar.temp_caseinsensitive_rename-Info.plist";
				PRODUCT_NAME = Skifidollar;
				WRAPPER_EXTENSION = app;
			};
			name = Debug;
		};
		FC2BCFDA174421D200D7F4C3 /* Release */ = {
			isa = XCBuildConfiguration;
			buildSettings = {
				GCC_PRECOMPILE_PREFIX_HEADER = YES;
				GCC_PREFIX_HEADER = "SKIFIDOLLAR/Skifidollar.temp_caseinsensitive_rename-Prefix.pch";
				INFOPLIST_FILE = "SKIFIDOLLAR/Skifidollar.temp_caseinsensitive_rename-Info.plist";
				PRODUCT_NAME = Skifidollar;
				WRAPPER_EXTENSION = app;
			};
			name = Release;
		};
		FCCF01FE1744283100D69C3B /* Distribution */ = {
			isa = XCBuildConfiguration;
			buildSettings = {
				ALWAYS_SEARCH_USER_PATHS = NO;
				CLANG_CXX_LANGUAGE_STANDARD = "gnu++0x";
				CLANG_CXX_LIBRARY = "libc++";
				CLANG_WARN_CONSTANT_CONVERSION = YES;
				CLANG_WARN_EMPTY_BODY = YES;
				CLANG_WARN_ENUM_CONVERSION = YES;
				CLANG_WARN_INT_CONVERSION = YES;
				CLANG_WARN__DUPLICATE_METHOD_MATCH = YES;
				CODE_SIGN_IDENTITY = "";
				"CODE_SIGN_IDENTITY[sdk=iphoneos*]" = "iPhone Distribution: toymodels srl";
				COPY_PHASE_STRIP = YES;
				GCC_C_LANGUAGE_STANDARD = gnu99;
				GCC_WARN_ABOUT_RETURN_TYPE = YES;
				GCC_WARN_UNINITIALIZED_AUTOS = YES;
				GCC_WARN_UNUSED_VARIABLE = YES;
				IPHONEOS_DEPLOYMENT_TARGET = 5.0;
				OTHER_CFLAGS = "-DNS_BLOCK_ASSERTIONS=1";
				"PROVISIONING_PROFILE[sdk=iphoneos*]" = "4E785B31-66EF-41B9-B0D3-BECBF44EACCF";
				SDKROOT = iphoneos;
				VALIDATE_PRODUCT = YES;
			};
			name = Distribution;
		};
		FCCF01FF1744283100D69C3B /* Distribution */ = {
			isa = XCBuildConfiguration;
			buildSettings = {
				GCC_PRECOMPILE_PREFIX_HEADER = YES;
				GCC_PREFIX_HEADER = "SKIFIDOLLAR/Skifidollar.temp_caseinsensitive_rename-Prefix.pch";
				INFOPLIST_FILE = "SKIFIDOLLAR/Skifidollar.temp_caseinsensitive_rename-Info.plist";
				PRODUCT_NAME = Skifidollar;
				WRAPPER_EXTENSION = app;
			};
			name = Distribution;
		};
/* End XCBuildConfiguration section */

/* Begin XCConfigurationList section */
		FC2BCFB6174421D100D7F4C3 /* Build configuration list for PBXProject "Skifidollar" */ = {
			isa = XCConfigurationList;
			buildConfigurations = (
				FC2BCFD6174421D200D7F4C3 /* Debug */,
				FC2BCFD7174421D200D7F4C3 /* Release */,
				FCCF01FE1744283100D69C3B /* Distribution */,
			);
			defaultConfigurationIsVisible = 0;
			defaultConfigurationName = Release;
		};
		FC2BCFD8174421D200D7F4C3 /* Build configuration list for PBXNativeTarget "Skifidollar" */ = {
			isa = XCConfigurationList;
			buildConfigurations = (
				FC2BCFD9174421D200D7F4C3 /* Debug */,
				FC2BCFDA174421D200D7F4C3 /* Release */,
				FCCF01FF1744283100D69C3B /* Distribution */,
			);
			defaultConfigurationIsVisible = 0;
			defaultConfigurationName = Release;
		};
/* End XCConfigurationList section */
	};
	rootObject = FC2BCFB3174421D100D7F4C3 /* Project object */;
}
