// !$*UTF8*$!
{
	archiveVersion = 1;
	classes = {
	};
	objectVersion = 46;
	objects = {

/* Begin PBXBuildFile section */
		FC2BCFBF174421D100D7F4C3 /* UIKit.framework in Frameworks */ = {isa = PBXBuildFile; fileRef = FC2BCFBE174421D100D7F4C3 /* UIKit.framework */; };
		FC2BCFC1174421D100D7F4C3 /* Foundation.framework in Frameworks */ = {isa = PBXBuildFile; fileRef = FC2BCFC0174421D100D7F4C3 /* Foundation.framework */; };
		FC2BCFC3174421D100D7F4C3 /* CoreGraphics.framework in Frameworks */ = {isa = PBXBuildFile; fileRef = FC2BCFC2174421D100D7F4C3 /* CoreGraphics.framework */; };
		FC2BCFC9174421D100D7F4C3 /* InfoPlist.strings in Resources */ = {isa = PBXBuildFile; fileRef = FC2BCFC7174421D100D7F4C3 /* InfoPlist.strings */; };
		FC2BCFCB174421D100D7F4C3 /* main.m in Sources */ = {isa = PBXBuildFile; fileRef = FC2BCFCA174421D100D7F4C3 /* main.m */; };
		FC2BCFCF174421D200D7F4C3 /* AppDelegate.m in Sources */ = {isa = PBXBuildFile; fileRef = FC2BCFCE174421D200D7F4C3 /* AppDelegate.m */; };
		FC2BCFDC1744220E00D7F4C3 /* Default.png in Resources */ = {isa = PBXBuildFile; fileRef = FC2BCFDB1744220E00D7F4C3 /* Default.png */; };
		FC2BCFDE1744221000D7F4C3 /* Default@2x.png in Resources */ = {isa = PBXBuildFile; fileRef = FC2BCFDD1744221000D7F4C3 /* Default@2x.png */; };
		FC2BCFE01744221400D7F4C3 /* Default-568h@2x.png in Resources */ = {isa = PBXBuildFile; fileRef = FC2BCFDF1744221400D7F4C3 /* Default-568h@2x.png */; };
		FC2BCFE21744221A00D7F4C3 /* Skifidollar_logo57.png in Resources */ = {isa = PBXBuildFile; fileRef = FC2BCFE11744221A00D7F4C3 /* Skifidollar_logo57.png */; };
		FC2BCFE41744221C00D7F4C3 /* Skifidollar_logo114.png in Resources */ = {isa = PBXBuildFile; fileRef = FC2BCFE31744221C00D7F4C3 /* Skifidollar_logo114.png */; };
		FC2BCFE61744223A00D7F4C3 /* MainStoryboard_iPhone.storyboard in Resources */ = {isa = PBXBuildFile; fileRef = FC2BCFE51744223A00D7F4C3 /* MainStoryboard_iPhone.storyboard */; };
		FC2BD0091744251A00D7F4C3 /* cellaView.m in Sources */ = {isa = PBXBuildFile; fileRef = FC2BCFEB1744229E00D7F4C3 /* cellaView.m */; };
		FC2BD00A1744252500D7F4C3 /* dettaglioViewController.m in Sources */ = {isa = PBXBuildFile; fileRef = FC2BCFEE1744229E00D7F4C3 /* dettaglioViewController.m */; };
		FC2BD00B1744252D00D7F4C3 /* playViewController.m in Sources */ = {isa = PBXBuildFile; fileRef = FC2BCFFE1744229E00D7F4C3 /* playViewController.m */; };
		FC2BD00C1744253300D7F4C3 /* webViewController.m in Sources */ = {isa = PBXBuildFile; fileRef = FC2BD0071744229E00D7F4C3 /* webViewController.m */; };
/* End PBXBuildFile section */

/* Begin PBXFileReference section */
		FC2BCFBB174421D100D7F4C3 /* SKIFIDOLLAR.app */ = {isa = PBXFileReference; explicitFileType = wrapper.application; includeInIndex = 0; path = SKIFIDOLLAR.app; sourceTree = BUILT_PRODUCTS_DIR; };
		FC2BCFBE174421D100D7F4C3 /* UIKit.framework */ = {isa = PBXFileReference; lastKnownFileType = wrapper.framework; name = UIKit.framework; path = System/Library/Frameworks/UIKit.framework; sourceTree = SDKROOT; };
		FC2BCFC0174421D100D7F4C3 /* Foundation.framework */ = {isa = PBXFileReference; lastKnownFileType = wrapper.framework; name = Foundation.framework; path = System/Library/Frameworks/Foundation.framework; sourceTree = SDKROOT; };
		FC2BCFC2174421D100D7F4C3 /* CoreGraphics.framework */ = {isa = PBXFileReference; lastKnownFileType = wrapper.framework; name = CoreGraphics.framework; path = System/Library/Frameworks/CoreGraphics.framework; sourceTree = SDKROOT; };
		FC2BCFC6174421D100D7F4C3 /* SKIFIDOLLAR-Info.plist */ = {isa = PBXFileReference; lastKnownFileType = text.plist.xml; path = "SKIFIDOLLAR-Info.plist"; sourceTree = "<group>"; };
		FC2BCFC8174421D100D7F4C3 /* en */ = {isa = PBXFileReference; lastKnownFileType = text.plist.strings; name = en; path = en.lproj/InfoPlist.strings; sourceTree = "<group>"; };
		FC2BCFCA174421D100D7F4C3 /* main.m */ = {isa = PBXFileReference; lastKnownFileType = sourcecode.c.objc; path = main.m; sourceTree = "<group>"; };
		FC2BCFCC174421D100D7F4C3 /* SKIFIDOLLAR-Prefix.pch */ = {isa = PBXFileReference; lastKnownFileType = sourcecode.c.h; path = "SKIFIDOLLAR-Prefix.pch"; sourceTree = "<group>"; };
		FC2BCFCD174421D200D7F4C3 /* AppDelegate.h */ = {isa = PBXFileReference; lastKnownFileType = sourcecode.c.h; path = AppDelegate.h; sourceTree = "<group>"; };
		FC2BCFCE174421D200D7F4C3 /* AppDelegate.m */ = {isa = PBXFileReference; lastKnownFileType = sourcecode.c.objc; path = AppDelegate.m; sourceTree = "<group>"; };
		FC2BCFDB1744220E00D7F4C3 /* Default.png */ = {isa = PBXFileReference; lastKnownFileType = image.png; path = Default.png; sourceTree = "<group>"; };
		FC2BCFDD1744221000D7F4C3 /* Default@2x.png */ = {isa = PBXFileReference; lastKnownFileType = image.png; path = "Default@2x.png"; sourceTree = "<group>"; };
		FC2BCFDF1744221400D7F4C3 /* Default-568h@2x.png */ = {isa = PBXFileReference; lastKnownFileType = image.png; path = "Default-568h@2x.png"; sourceTree = "<group>"; };
		FC2BCFE11744221A00D7F4C3 /* Skifidollar_logo57.png */ = {isa = PBXFileReference; lastKnownFileType = image.png; path = Skifidollar_logo57.png; sourceTree = "<group>"; };
		FC2BCFE31744221C00D7F4C3 /* Skifidollar_logo114.png */ = {isa = PBXFileReference; lastKnownFileType = image.png; path = Skifidollar_logo114.png; sourceTree = "<group>"; };
		FC2BCFE51744223A00D7F4C3 /* MainStoryboard_iPhone.storyboard */ = {isa = PBXFileReference; fileEncoding = 4; lastKnownFileType = file.storyboard; path = MainStoryboard_iPhone.storyboard; sourceTree = "<group>"; };
		FC2BCFE71744229E00D7F4C3 /* Albano Sovrumano.png */ = {isa = PBXFileReference; lastKnownFileType = image.png; path = "Albano Sovrumano.png"; sourceTree = "<group>"; };
		FC2BCFE81744229E00D7F4C3 /* Bottone_inizia_partita.png */ = {isa = PBXFileReference; lastKnownFileType = image.png; path = Bottone_inizia_partita.png; sourceTree = "<group>"; };
		FC2BCFE91744229E00D7F4C3 /* Bruce Pus.png */ = {isa = PBXFileReference; lastKnownFileType = image.png; path = "Bruce Pus.png"; sourceTree = "<group>"; };
		FC2BCFEA1744229E00D7F4C3 /* cellaView.h */ = {isa = PBXFileReference; lastKnownFileType = sourcecode.c.h; path = cellaView.h; sourceTree = "<group>"; };
		FC2BCFEB1744229E00D7F4C3 /* cellaView.m */ = {isa = PBXFileReference; lastKnownFileType = sourcecode.c.objc; path = cellaView.m; sourceTree = "<group>"; };
		FC2BCFEC1744229E00D7F4C3 /* Ciccio Pasticcio.png */ = {isa = PBXFileReference; lastKnownFileType = image.png; path = "Ciccio Pasticcio.png"; sourceTree = "<group>"; };
		FC2BCFED1744229E00D7F4C3 /* dettaglioViewController.h */ = {isa = PBXFileReference; lastKnownFileType = sourcecode.c.h; path = dettaglioViewController.h; sourceTree = "<group>"; };
		FC2BCFEE1744229E00D7F4C3 /* dettaglioViewController.m */ = {isa = PBXFileReference; lastKnownFileType = sourcecode.c.objc; path = dettaglioViewController.m; sourceTree = "<group>"; };
		FC2BCFEF1744229E00D7F4C3 /* Dino Sauro.png */ = {isa = PBXFileReference; lastKnownFileType = image.png; path = "Dino Sauro.png"; sourceTree = "<group>"; };
		FC2BCFF01744229E00D7F4C3 /* Fortunato Intasato.png */ = {isa = PBXFileReference; lastKnownFileType = image.png; path = "Fortunato Intasato.png"; sourceTree = "<group>"; };
		FC2BCFF11744229E00D7F4C3 /* Gastone Puzzone.png */ = {isa = PBXFileReference; lastKnownFileType = image.png; path = "Gastone Puzzone.png"; sourceTree = "<group>"; };
		FC2BCFF21744229E00D7F4C3 /* Gedeone Pustolone.png */ = {isa = PBXFileReference; lastKnownFileType = image.png; path = "Gedeone Pustolone.png"; sourceTree = "<group>"; };
		FC2BCFF31744229E00D7F4C3 /* Giacomino Spuntino.png */ = {isa = PBXFileReference; lastKnownFileType = image.png; path = "Giacomino Spuntino.png"; sourceTree = "<group>"; };
		FC2BCFF41744229E00D7F4C3 /* Gustavo Lacacca.png */ = {isa = PBXFileReference; lastKnownFileType = image.png; path = "Gustavo Lacacca.png"; sourceTree = "<group>"; };
		FC2BCFF51744229E00D7F4C3 /* icona_play.png */ = {isa = PBXFileReference; lastKnownFileType = image.png; path = icona_play.png; sourceTree = "<group>"; };
		FC2BCFF61744229E00D7F4C3 /* IDCNews.png */ = {isa = PBXFileReference; lastKnownFileType = image.png; path = IDCNews.png; sourceTree = "<group>"; };
		FC2BCFF71744229E00D7F4C3 /* Isabella Pocobella.png */ = {isa = PBXFileReference; lastKnownFileType = image.png; path = "Isabella Pocobella.png"; sourceTree = "<group>"; };
		FC2BCFF81744229E00D7F4C3 /* Lollo Caccamollo.png */ = {isa = PBXFileReference; lastKnownFileType = image.png; path = "Lollo Caccamollo.png"; sourceTree = "<group>"; };
		FC2BCFF91744229E00D7F4C3 /* Matteo Babbeo.png */ = {isa = PBXFileReference; lastKnownFileType = image.png; path = "Matteo Babbeo.png"; sourceTree = "<group>"; };
		FC2BCFFA1744229E00D7F4C3 /* Mirkone Marcione.png */ = {isa = PBXFileReference; lastKnownFileType = image.png; path = "Mirkone Marcione.png"; sourceTree = "<group>"; };
		FC2BCFFB1744229E00D7F4C3 /* Pamela Facciadimela.png */ = {isa = PBXFileReference; lastKnownFileType = image.png; path = "Pamela Facciadimela.png"; sourceTree = "<group>"; };
		FC2BCFFC1744229E00D7F4C3 /* Petronilla Megatonsilla.png */ = {isa = PBXFileReference; lastKnownFileType = image.png; path = "Petronilla Megatonsilla.png"; sourceTree = "<group>"; };
		FC2BCFFD1744229E00D7F4C3 /* playViewController.h */ = {isa = PBXFileReference; lastKnownFileType = sourcecode.c.h; path = playViewController.h; sourceTree = "<group>"; };
		FC2BCFFE1744229E00D7F4C3 /* playViewController.m */ = {isa = PBXFileReference; lastKnownFileType = sourcecode.c.objc; path = playViewController.m; sourceTree = "<group>"; };
		FC2BCFFF1744229E00D7F4C3 /* Quadrato_bianco_scritta.png */ = {isa = PBXFileReference; lastKnownFileType = image.png; path = Quadrato_bianco_scritta.png; sourceTree = "<group>"; };
		FC2BD0001744229E00D7F4C3 /* Renato Cariato.png */ = {isa = PBXFileReference; lastKnownFileType = image.png; path = "Renato Cariato.png"; sourceTree = "<group>"; };
		FC2BD0011744229E00D7F4C3 /* Ruggero Occhionero.png */ = {isa = PBXFileReference; lastKnownFileType = image.png; path = "Ruggero Occhionero.png"; sourceTree = "<group>"; };
		FC2BD0021744229E00D7F4C3 /* SKIFIDOLLAR.plist */ = {isa = PBXFileReference; lastKnownFileType = text.plist.xml; path = SKIFIDOLLAR.plist; sourceTree = "<group>"; };
		FC2BD0031744229E00D7F4C3 /* Teodoro Pomodoro.png */ = {isa = PBXFileReference; lastKnownFileType = image.png; path = "Teodoro Pomodoro.png"; sourceTree = "<group>"; };
		FC2BD0041744229E00D7F4C3 /* Tiziano Vulcano.png */ = {isa = PBXFileReference; lastKnownFileType = image.png; path = "Tiziano Vulcano.png"; sourceTree = "<group>"; };
		FC2BD0051744229E00D7F4C3 /* Valentino Nasofino.png */ = {isa = PBXFileReference; lastKnownFileType = image.png; path = "Valentino Nasofino.png"; sourceTree = "<group>"; };
		FC2BD0061744229E00D7F4C3 /* webViewController.h */ = {isa = PBXFileReference; lastKnownFileType = sourcecode.c.h; path = webViewController.h; sourceTree = "<group>"; };
		FC2BD0071744229E00D7F4C3 /* webViewController.m */ = {isa = PBXFileReference; lastKnownFileType = sourcecode.c.objc; path = webViewController.m; sourceTree = "<group>"; };
/* End PBXFileReference section */

/* Begin PBXFrameworksBuildPhase section */
		FC2BCFB8174421D100D7F4C3 /* Frameworks */ = {
			isa = PBXFrameworksBuildPhase;
			buildActionMask = 2147483647;
			files = (
				FC2BCFBF174421D100D7F4C3 /* UIKit.framework in Frameworks */,
				FC2BCFC1174421D100D7F4C3 /* Foundation.framework in Frameworks */,
				FC2BCFC3174421D100D7F4C3 /* CoreGraphics.framework in Frameworks */,
			);
			runOnlyForDeploymentPostprocessing = 0;
		};
/* End PBXFrameworksBuildPhase section */

/* Begin PBXGroup section */
		FC2BCFB2174421D100D7F4C3 = {
			isa = PBXGroup;
			children = (
				FC2BCFE31744221C00D7F4C3 /* Skifidollar_logo114.png */,
				FC2BCFE11744221A00D7F4C3 /* Skifidollar_logo57.png */,
				FC2BCFDF1744221400D7F4C3 /* Default-568h@2x.png */,
				FC2BCFDD1744221000D7F4C3 /* Default@2x.png */,
				FC2BCFDB1744220E00D7F4C3 /* Default.png */,
				FC2BCFC4174421D100D7F4C3 /* SKIFIDOLLAR */,
				FC2BCFBD174421D100D7F4C3 /* Frameworks */,
				FC2BCFBC174421D100D7F4C3 /* Products */,
			);
			sourceTree = "<group>";
		};
		FC2BCFBC174421D100D7F4C3 /* Products */ = {
			isa = PBXGroup;
			children = (
				FC2BCFBB174421D100D7F4C3 /* SKIFIDOLLAR.app */,
			);
			name = Products;
			sourceTree = "<group>";
		};
		FC2BCFBD174421D100D7F4C3 /* Frameworks */ = {
			isa = PBXGroup;
			children = (
				FC2BCFBE174421D100D7F4C3 /* UIKit.framework */,
				FC2BCFC0174421D100D7F4C3 /* Foundation.framework */,
				FC2BCFC2174421D100D7F4C3 /* CoreGraphics.framework */,
			);
			name = Frameworks;
			sourceTree = "<group>";
		};
		FC2BCFC4174421D100D7F4C3 /* SKIFIDOLLAR */ = {
			isa = PBXGroup;
			children = (
				FC2BD008174422A400D7F4C3 /* SKIFIDOLLAR */,
				FC2BCFEA1744229E00D7F4C3 /* cellaView.h */,
				FC2BCFEB1744229E00D7F4C3 /* cellaView.m */,
				FC2BCFED1744229E00D7F4C3 /* dettaglioViewController.h */,
				FC2BCFEE1744229E00D7F4C3 /* dettaglioViewController.m */,
				FC2BCFFD1744229E00D7F4C3 /* playViewController.h */,
				FC2BCFFE1744229E00D7F4C3 /* playViewController.m */,
				FC2BD0021744229E00D7F4C3 /* SKIFIDOLLAR.plist */,
				FC2BD0061744229E00D7F4C3 /* webViewController.h */,
				FC2BD0071744229E00D7F4C3 /* webViewController.m */,
				FC2BCFCD174421D200D7F4C3 /* AppDelegate.h */,
				FC2BCFCE174421D200D7F4C3 /* AppDelegate.m */,
				FC2BCFE51744223A00D7F4C3 /* MainStoryboard_iPhone.storyboard */,
				FC2BCFC5174421D100D7F4C3 /* Supporting Files */,
			);
			path = SKIFIDOLLAR;
			sourceTree = "<group>";
		};
		FC2BCFC5174421D100D7F4C3 /* Supporting Files */ = {
			isa = PBXGroup;
			children = (
				FC2BCFC6174421D100D7F4C3 /* SKIFIDOLLAR-Info.plist */,
				FC2BCFC7174421D100D7F4C3 /* InfoPlist.strings */,
				FC2BCFCA174421D100D7F4C3 /* main.m */,
				FC2BCFCC174421D100D7F4C3 /* SKIFIDOLLAR-Prefix.pch */,
			);
			name = "Supporting Files";
			sourceTree = "<group>";
		};
		FC2BD008174422A400D7F4C3 /* SKIFIDOLLAR */ = {
			isa = PBXGroup;
			children = (
				FC2BD0031744229E00D7F4C3 /* Teodoro Pomodoro.png */,
				FC2BD0041744229E00D7F4C3 /* Tiziano Vulcano.png */,
				FC2BD0051744229E00D7F4C3 /* Valentino Nasofino.png */,
				FC2BCFFF1744229E00D7F4C3 /* Quadrato_bianco_scritta.png */,
				FC2BD0001744229E00D7F4C3 /* Renato Cariato.png */,
				FC2BD0011744229E00D7F4C3 /* Ruggero Occhionero.png */,
				FC2BCFEF1744229E00D7F4C3 /* Dino Sauro.png */,
				FC2BCFF01744229E00D7F4C3 /* Fortunato Intasato.png */,
				FC2BCFF11744229E00D7F4C3 /* Gastone Puzzone.png */,
				FC2BCFF21744229E00D7F4C3 /* Gedeone Pustolone.png */,
				FC2BCFF31744229E00D7F4C3 /* Giacomino Spuntino.png */,
				FC2BCFF41744229E00D7F4C3 /* Gustavo Lacacca.png */,
				FC2BCFF51744229E00D7F4C3 /* icona_play.png */,
				FC2BCFF61744229E00D7F4C3 /* IDCNews.png */,
				FC2BCFF71744229E00D7F4C3 /* Isabella Pocobella.png */,
				FC2BCFF81744229E00D7F4C3 /* Lollo Caccamollo.png */,
				FC2BCFF91744229E00D7F4C3 /* Matteo Babbeo.png */,
				FC2BCFFA1744229E00D7F4C3 /* Mirkone Marcione.png */,
				FC2BCFFB1744229E00D7F4C3 /* Pamela Facciadimela.png */,
				FC2BCFFC1744229E00D7F4C3 /* Petronilla Megatonsilla.png */,
				FC2BCFEC1744229E00D7F4C3 /* Ciccio Pasticcio.png */,
				FC2BCFE71744229E00D7F4C3 /* Albano Sovrumano.png */,
				FC2BCFE81744229E00D7F4C3 /* Bottone_inizia_partita.png */,
				FC2BCFE91744229E00D7F4C3 /* Bruce Pus.png */,
			);
			name = SKIFIDOLLAR;
			sourceTree = "<group>";
		};
/* End PBXGroup section */

/* Begin PBXNativeTarget section */
		FC2BCFBA174421D100D7F4C3 /* SKIFIDOLLAR */ = {
			isa = PBXNativeTarget;
			buildConfigurationList = FC2BCFD8174421D200D7F4C3 /* Build configuration list for PBXNativeTarget "SKIFIDOLLAR" */;
			buildPhases = (
				FC2BCFB7174421D100D7F4C3 /* Sources */,
				FC2BCFB8174421D100D7F4C3 /* Frameworks */,
				FC2BCFB9174421D100D7F4C3 /* Resources */,
			);
			buildRules = (
			);
			dependencies = (
			);
			name = SKIFIDOLLAR;
			productName = SKIFIDOLLAR;
			productReference = FC2BCFBB174421D100D7F4C3 /* SKIFIDOLLAR.app */;
			productType = "com.apple.product-type.application";
		};
/* End PBXNativeTarget section */

/* Begin PBXProject section */
		FC2BCFB3174421D100D7F4C3 /* Project object */ = {
			isa = PBXProject;
			attributes = {
				LastUpgradeCheck = 0460;
				ORGANIZATIONNAME = "Viviana Liuni";
			};
			buildConfigurationList = FC2BCFB6174421D100D7F4C3 /* Build configuration list for PBXProject "SKIFIDOLLAR" */;
			compatibilityVersion = "Xcode 3.2";
			developmentRegion = English;
			hasScannedForEncodings = 0;
			knownRegions = (
				en,
			);
			mainGroup = FC2BCFB2174421D100D7F4C3;
			productRefGroup = FC2BCFBC174421D100D7F4C3 /* Products */;
			projectDirPath = "";
			projectRoot = "";
			targets = (
				FC2BCFBA174421D100D7F4C3 /* SKIFIDOLLAR */,
			);
		};
/* End PBXProject section */

/* Begin PBXResourcesBuildPhase section */
		FC2BCFB9174421D100D7F4C3 /* Resources */ = {
			isa = PBXResourcesBuildPhase;
			buildActionMask = 2147483647;
			files = (
				FC2BCFC9174421D100D7F4C3 /* InfoPlist.strings in Resources */,
				FC2BCFDC1744220E00D7F4C3 /* Default.png in Resources */,
				FC2BCFDE1744221000D7F4C3 /* Default@2x.png in Resources */,
				FC2BCFE01744221400D7F4C3 /* Default-568h@2x.png in Resources */,
				FC2BCFE21744221A00D7F4C3 /* Skifidollar_logo57.png in Resources */,
				FC2BCFE41744221C00D7F4C3 /* Skifidollar_logo114.png in Resources */,
				FC2BCFE61744223A00D7F4C3 /* MainStoryboard_iPhone.storyboard in Resources */,
			);
			runOnlyForDeploymentPostprocessing = 0;
		};
/* End PBXResourcesBuildPhase section */

/* Begin PBXSourcesBuildPhase section */
		FC2BCFB7174421D100D7F4C3 /* Sources */ = {
			isa = PBXSourcesBuildPhase;
			buildActionMask = 2147483647;
			files = (
				FC2BD00C1744253300D7F4C3 /* webViewController.m in Sources */,
				FC2BD00B1744252D00D7F4C3 /* playViewController.m in Sources */,
				FC2BD00A1744252500D7F4C3 /* dettaglioViewController.m in Sources */,
				FC2BD0091744251A00D7F4C3 /* cellaView.m in Sources */,
				FC2BCFCB174421D100D7F4C3 /* main.m in Sources */,
				FC2BCFCF174421D200D7F4C3 /* AppDelegate.m in Sources */,
			);
			runOnlyForDeploymentPostprocessing = 0;
		};
/* End PBXSourcesBuildPhase section */

/* Begin PBXVariantGroup section */
		FC2BCFC7174421D100D7F4C3 /* InfoPlist.strings */ = {
			isa = PBXVariantGroup;
			children = (
				FC2BCFC8174421D100D7F4C3 /* en */,
			);
			name = InfoPlist.strings;
			sourceTree = "<group>";
		};
/* End PBXVariantGroup section */

/* Begin XCBuildConfiguration section */
		FC2BCFD6174421D200D7F4C3 /* Debug */ = {
			isa = XCBuildConfiguration;
			buildSettings = {
				ALWAYS_SEARCH_USER_PATHS = NO;
				CLANG_CXX_LANGUAGE_STANDARD = "gnu++0x";
				CLANG_CXX_LIBRARY = "libc++";
				CLANG_WARN_CONSTANT_CONVERSION = YES;
				CLANG_WARN_EMPTY_BODY = YES;
				CLANG_WARN_ENUM_CONVERSION = YES;
				CLANG_WARN_INT_CONVERSION = YES;
				CLANG_WARN__DUPLICATE_METHOD_MATCH = YES;
				"CODE_SIGN_IDENTITY[sdk=iphoneos*]" = "iPhone Developer";
				COPY_PHASE_STRIP = NO;
				GCC_C_LANGUAGE_STANDARD = gnu99;
				GCC_DYNAMIC_NO_PIC = NO;
				GCC_OPTIMIZATION_LEVEL = 0;
				GCC_PREPROCESSOR_DEFINITIONS = (
					"DEBUG=1",
					"$(inherited)",
				);
				GCC_SYMBOLS_PRIVATE_EXTERN = NO;
				GCC_WARN_ABOUT_RETURN_TYPE = YES;
				GCC_WARN_UNINITIALIZED_AUTOS = YES;
				GCC_WARN_UNUSED_VARIABLE = YES;
				IPHONEOS_DEPLOYMENT_TARGET = 5.0;
				ONLY_ACTIVE_ARCH = YES;
				SDKROOT = iphoneos;
			};
			name = Debug;
		};
		FC2BCFD7174421D200D7F4C3 /* Release */ = {
			isa = XCBuildConfiguration;
			buildSettings = {
				ALWAYS_SEARCH_USER_PATHS = NO;
				CLANG_CXX_LANGUAGE_STANDARD = "gnu++0x";
				CLANG_CXX_LIBRARY = "libc++";
				CLANG_WARN_CONSTANT_CONVERSION = YES;
				CLANG_WARN_EMPTY_BODY = YES;
				CLANG_WARN_ENUM_CONVERSION = YES;
				CLANG_WARN_INT_CONVERSION = YES;
				CLANG_WARN__DUPLICATE_METHOD_MATCH = YES;
				"CODE_SIGN_IDENTITY[sdk=iphoneos*]" = "iPhone Developer";
				COPY_PHASE_STRIP = YES;
				GCC_C_LANGUAGE_STANDARD = gnu99;
				GCC_WARN_ABOUT_RETURN_TYPE = YES;
				GCC_WARN_UNINITIALIZED_AUTOS = YES;
				GCC_WARN_UNUSED_VARIABLE = YES;
				IPHONEOS_DEPLOYMENT_TARGET = 5.0;
				OTHER_CFLAGS = "-DNS_BLOCK_ASSERTIONS=1";
				SDKROOT = iphoneos;
				VALIDATE_PRODUCT = YES;
			};
			name = Release;
		};
		FC2BCFD9174421D200D7F4C3 /* Debug */ = {
			isa = XCBuildConfiguration;
			buildSettings = {
				GCC_PRECOMPILE_PREFIX_HEADER = YES;
				GCC_PREFIX_HEADER = "SKIFIDOLLAR/SKIFIDOLLAR-Prefix.pch";
				INFOPLIST_FILE = "SKIFIDOLLAR/SKIFIDOLLAR-Info.plist";
				PRODUCT_NAME = "$(TARGET_NAME)";
				WRAPPER_EXTENSION = app;
			};
			name = Debug;
		};
		FC2BCFDA174421D200D7F4C3 /* Release */ = {
			isa = XCBuildConfiguration;
			buildSettings = {
				GCC_PRECOMPILE_PREFIX_HEADER = YES;
				GCC_PREFIX_HEADER = "SKIFIDOLLAR/SKIFIDOLLAR-Prefix.pch";
				INFOPLIST_FILE = "SKIFIDOLLAR/SKIFIDOLLAR-Info.plist";
				PRODUCT_NAME = "$(TARGET_NAME)";
				WRAPPER_EXTENSION = app;
			};
			name = Release;
		};
		FCCF01FE1744283100D69C3B /* Distribution */ = {
			isa = XCBuildConfiguration;
			buildSettings = {
				ALWAYS_SEARCH_USER_PATHS = NO;
				CLANG_CXX_LANGUAGE_STANDARD = "gnu++0x";
				CLANG_CXX_LIBRARY = "libc++";
				CLANG_WARN_CONSTANT_CONVERSION = YES;
				CLANG_WARN_EMPTY_BODY = YES;
				CLANG_WARN_ENUM_CONVERSION = YES;
				CLANG_WARN_INT_CONVERSION = YES;
				CLANG_WARN__DUPLICATE_METHOD_MATCH = YES;
				"CODE_SIGN_IDENTITY[sdk=iphoneos*]" = "iPhone Developer";
				COPY_PHASE_STRIP = YES;
				GCC_C_LANGUAGE_STANDARD = gnu99;
				GCC_WARN_ABOUT_RETURN_TYPE = YES;
				GCC_WARN_UNINITIALIZED_AUTOS = YES;
				GCC_WARN_UNUSED_VARIABLE = YES;
				IPHONEOS_DEPLOYMENT_TARGET = 5.0;
				OTHER_CFLAGS = "-DNS_BLOCK_ASSERTIONS=1";
				SDKROOT = iphoneos;
				VALIDATE_PRODUCT = YES;
			};
			name = Distribution;
		};
		FCCF01FF1744283100D69C3B /* Distribution */ = {
			isa = XCBuildConfiguration;
			buildSettings = {
				GCC_PRECOMPILE_PREFIX_HEADER = YES;
				GCC_PREFIX_HEADER = "SKIFIDOLLAR/SKIFIDOLLAR-Prefix.pch";
				INFOPLIST_FILE = "SKIFIDOLLAR/SKIFIDOLLAR-Info.plist";
				PRODUCT_NAME = "$(TARGET_NAME)";
				WRAPPER_EXTENSION = app;
			};
			name = Distribution;
		};
/* End XCBuildConfiguration section */

/* Begin XCConfigurationList section */
		FC2BCFB6174421D100D7F4C3 /* Build configuration list for PBXProject "SKIFIDOLLAR" */ = {
			isa = XCConfigurationList;
			buildConfigurations = (
				FC2BCFD6174421D200D7F4C3 /* Debug */,
				FC2BCFD7174421D200D7F4C3 /* Release */,
				FCCF01FE1744283100D69C3B /* Distribution */,
			);
			defaultConfigurationIsVisible = 0;
			defaultConfigurationName = Release;
		};
		FC2BCFD8174421D200D7F4C3 /* Build configuration list for PBXNativeTarget "SKIFIDOLLAR" */ = {
			isa = XCConfigurationList;
			buildConfigurations = (
				FC2BCFD9174421D200D7F4C3 /* Debug */,
				FC2BCFDA174421D200D7F4C3 /* Release */,
				FCCF01FF1744283100D69C3B /* Distribution */,
			);
			defaultConfigurationIsVisible = 0;
			defaultConfigurationName = Release;
		};
/* End XCConfigurationList section */
	};
	rootObject = FC2BCFB3174421D100D7F4C3 /* Project object */;
}
